
Microsoft Visual Studio Solution File, Format Version 12.00
# Visual Studio Version 16
VisualStudioVersion = 16.0.31702.278
MinimumVisualStudioVersion = 10.0.40219.1
Project("{FAE04EC0-301F-11D3-BF4B-00C04F79EFBC}") = "Server", "Server\Server.csproj", "{F78E85F0-AFE9-4363-943D-BE70D41C97E3}"
EndProject
Project("{FAE04EC0-301F-11D3-BF4B-00C04F79EFBC}") = "Cilent", "Cilent\Cilent.csproj", "{CA54B4CE-7632-4912-95CD-15D5D5A4A37A}"
EndProject
Project("{9A19103F-16F7-4668-BE54-9A1E7A4F7556}") = "SharedClass", "SharedClass\SharedClass.csproj", "{0CA46597-35C1-4DEA-BD62-653CF7650FF0}"
EndProject
Global
	GlobalSection(SolutionConfigurationPlatforms) = preSolution
		Debug|Any CPU = Debug|Any CPU
		Release|Any CPU = Release|Any CPU
	EndGlobalSection
	GlobalSection(ProjectConfigurationPlatforms) = postSolution
		{F78E85F0-AFE9-4363-943D-BE70D41C97E3}.Debug|Any CPU.ActiveCfg = Debug|Any CPU
		{F78E85F0-AFE9-4363-943D-BE70D41C97E3}.Debug|Any CPU.Build.0 = Debug|Any CPU
		{F78E85F0-AFE9-4363-943D-BE70D41C97E3}.Release|Any CPU.ActiveCfg = Release|Any CPU
		{F78E85F0-AFE9-4363-943D-BE70D41C97E3}.Release|Any CPU.Build.0 = Release|Any CPU
		{CA54B4CE-7632-4912-95CD-15D5D5A4A37A}.Debug|Any CPU.ActiveCfg = Debug|Any CPU
		{CA54B4CE-7632-4912-95CD-15D5D5A4A37A}.Debug|Any CPU.Build.0 = Debug|Any CPU
		{CA54B4CE-7632-4912-95CD-15D5D5A4A37A}.Release|Any CPU.ActiveCfg = Release|Any CPU
		{CA54B4CE-7632-4912-95CD-15D5D5A4A37A}.Release|Any CPU.Build.0 = Release|Any CPU
		{0CA46597-35C1-4DEA-BD62-653CF7650FF0}.Debug|Any CPU.ActiveCfg = Debug|Any CPU
		{0CA46597-35C1-4DEA-BD62-653CF7650FF0}.Debug|Any CPU.Build.0 = Debug|Any CPU
		{0CA46597-35C1-4DEA-BD62-653CF7650FF0}.Release|Any CPU.ActiveCfg = Release|Any CPU
		{0CA46597-35C1-4DEA-BD62-653CF7650FF0}.Release|Any CPU.Build.0 = Release|Any CPU
	EndGlobalSection
	GlobalSection(SolutionProperties) = preSolution
		HideSolutionNode = FALSE
	EndGlobalSection
	GlobalSection(ExtensibilityGlobals) = postSolution
		SolutionGuid = {C2680815-3C7E-48BC-845D-2F60223D2A70}
	EndGlobalSection
EndGlobal
